dependencies:
- name: moodle
  repository: file://charts/moodle
  version: 27.0.5
- name: redis
  repository: https://charts.bitnami.com/bitnami
  version: 19.5.3
- name: postgresql
  repository: https://charts.bitnami.com/bitnami
  version: 15.5.38
- name: cronjob
  repository: file://charts/cronjob
  version: 0.1.0
- name: cronjob
  repository: file://charts/cronjob
  version: 0.1.0
- name: postgresql
  repository: https://charts.bitnami.com/bitnami
  version: 15.5.38
- name: etherpad
  repository: file://charts/etherpad
  version: 0.1.0
- name: clamav
  repository: https://wiremind.github.io/wiremind-helm-charts
  version: 3.5.0
- name: sql-exporter
  repository: https://burningalchemist.github.io/sql_exporter/
  version: 0.6.1
digest: sha256:6e1f4a0a99e875b58ace74f6b1147004f32649ca26c84e4f02e7db17916c4c96
generated: "2026-06-29T08:23:49.971628423Z"
