dependencies:
- name: moodle
  repository: file://charts/moodle
  version: 27.0.5
- name: redis
  repository: https://charts.bitnami.com/bitnami
  version: 19.5.3
- name: valkey
  repository: https://dbildungsplattform.github.io/helm-charts-registry/
  version: 3.0.1
- name: postgresql
  repository: https://charts.bitnami.com/bitnami
  version: 15.5.38
- name: cronjob
  repository: file://charts/cronjob
  version: 0.1.0
- name: cronjob
  repository: file://charts/cronjob
  version: 0.1.0
- name: postgresql
  repository: https://charts.bitnami.com/bitnami
  version: 15.5.38
- name: etherpad
  repository: file://charts/etherpad
  version: 0.1.0
- name: clamav
  repository: https://wiremind.github.io/wiremind-helm-charts
  version: 3.5.0
- name: sql-exporter
  repository: https://burningalchemist.github.io/sql_exporter/
  version: 0.6.1
digest: sha256:33cdb729297e37cae3df62200d74c3927b82a34db0c97ff38241144b8e1016c5
generated: "2026-07-29T09:08:43.070996083Z"
