dependencies:
- name: postgresql
  repository: https://charts.bitnami.com/bitnami
  version: 11.6.20
- name: valkey
  repository: https://dbildungsplattform.github.io/helm-charts-registry
  version: 3.0.1
digest: sha256:e265adfbd5fc1268cfb8522d920f1b7e0beefc69ea9eaf742c1c6075e9c79799
generated: "2026-07-16T09:48:12.410789802Z"
